
Microsoft Visual Studio Solution File, Format Version 12.00
# Visual Studio Version 17
VisualStudioVersion = 17.1.32328.378
MinimumVisualStudioVersion = 10.0.40219.1
Project("{9A19103F-16F7-4668-BE54-9A1E7A4F7556}") = "VoiceCommerceShop.Server", "VoiceCommerceShop\Server\VoiceCommerceShop.Server.csproj", "{987E76E0-FCB9-451E-8E8B-1BAFF2829A6B}"
EndProject
Project("{9A19103F-16F7-4668-BE54-9A1E7A4F7556}") = "VoiceCommerceShop.Domain", "VoiceCommerceShop.Domain\VoiceCommerceShop.Domain.csproj", "{21CC32DD-EB3F-42FF-A2BE-491373AB2C27}"
EndProject
Project("{9A19103F-16F7-4668-BE54-9A1E7A4F7556}") = "VoiceCommerceShop.DAL", "VoiceCommerceShop.DAL\VoiceCommerceShop.DAL.csproj", "{62297431-635E-4E3D-8D2B-3DA1813F8489}"
EndProject
Project("{FAE04EC0-301F-11D3-BF4B-00C04F79EFBC}") = "VoiceCommerceShop.AppCore", "VoiceCommerceShop.AppCore\VoiceCommerceShop.AppCore.csproj", "{9D709AFD-F8A9-4EA9-94FA-62CF388F2EF7}"
EndProject
Global
	GlobalSection(SolutionConfigurationPlatforms) = preSolution
		Debug|Any CPU = Debug|Any CPU
		Release|Any CPU = Release|Any CPU
	EndGlobalSection
	GlobalSection(ProjectConfigurationPlatforms) = postSolution
		{987E76E0-FCB9-451E-8E8B-1BAFF2829A6B}.Debug|Any CPU.ActiveCfg = Debug|Any CPU
		{987E76E0-FCB9-451E-8E8B-1BAFF2829A6B}.Debug|Any CPU.Build.0 = Debug|Any CPU
		{987E76E0-FCB9-451E-8E8B-1BAFF2829A6B}.Release|Any CPU.ActiveCfg = Release|Any CPU
		{987E76E0-FCB9-451E-8E8B-1BAFF2829A6B}.Release|Any CPU.Build.0 = Release|Any CPU
		{21CC32DD-EB3F-42FF-A2BE-491373AB2C27}.Debug|Any CPU.ActiveCfg = Debug|Any CPU
		{21CC32DD-EB3F-42FF-A2BE-491373AB2C27}.Debug|Any CPU.Build.0 = Debug|Any CPU
		{21CC32DD-EB3F-42FF-A2BE-491373AB2C27}.Release|Any CPU.ActiveCfg = Release|Any CPU
		{21CC32DD-EB3F-42FF-A2BE-491373AB2C27}.Release|Any CPU.Build.0 = Release|Any CPU
		{62297431-635E-4E3D-8D2B-3DA1813F8489}.Debug|Any CPU.ActiveCfg = Debug|Any CPU
		{62297431-635E-4E3D-8D2B-3DA1813F8489}.Debug|Any CPU.Build.0 = Debug|Any CPU
		{62297431-635E-4E3D-8D2B-3DA1813F8489}.Release|Any CPU.ActiveCfg = Release|Any CPU
		{62297431-635E-4E3D-8D2B-3DA1813F8489}.Release|Any CPU.Build.0 = Release|Any CPU
		{9D709AFD-F8A9-4EA9-94FA-62CF388F2EF7}.Debug|Any CPU.ActiveCfg = Debug|Any CPU
		{9D709AFD-F8A9-4EA9-94FA-62CF388F2EF7}.Debug|Any CPU.Build.0 = Debug|Any CPU
		{9D709AFD-F8A9-4EA9-94FA-62CF388F2EF7}.Release|Any CPU.ActiveCfg = Release|Any CPU
		{9D709AFD-F8A9-4EA9-94FA-62CF388F2EF7}.Release|Any CPU.Build.0 = Release|Any CPU
	EndGlobalSection
	GlobalSection(SolutionProperties) = preSolution
		HideSolutionNode = FALSE
	EndGlobalSection
	GlobalSection(ExtensibilityGlobals) = postSolution
		SolutionGuid = {645F60F9-00B8-46CA-878F-0FCD2C67B677}
	EndGlobalSection
EndGlobal
